// !$*UTF8*$!
{
	archiveVersion = 1;
	classes = {
	};
	objectVersion = 46;
	objects = {

/* Begin PBXBuildFile section */
		3767BD7F1BB70BFD007B0F18 /* AppDelegate.swift in Sources */ = {isa = PBXBuildFile; fileRef = 3767BD7E1BB70BFD007B0F18 /* AppDelegate.swift */; };
		3767BD811BB70BFD007B0F18 /* ViewController.swift in Sources */ = {isa = PBXBuildFile; fileRef = 3767BD801BB70BFD007B0F18 /* ViewController.swift */; };
		3767BD841BB70BFD007B0F18 /* Main.storyboard in Resources */ = {isa = PBXBuildFile; fileRef = 3767BD821BB70BFD007B0F18 /* Main.storyboard */; };
		3767BD861BB70BFD007B0F18 /* Assets.xcassets in Resources */ = {isa = PBXBuildFile; fileRef = 3767BD851BB70BFD007B0F18 /* Assets.xcassets */; };
		3767BD891BB70BFD007B0F18 /* LaunchScreen.storyboard in Resources */ = {isa = PBXBuildFile; fileRef = 3767BD871BB70BFD007B0F18 /* LaunchScreen.storyboard */; };
		3767BD941BB70BFD007B0F18 /* SDSTests.swift in Sources */ = {isa = PBXBuildFile; fileRef = 3767BD931BB70BFD007B0F18 /* SDSTests.swift */; };
		3767BD9F1BB70BFD007B0F18 /* SDSUITests.swift in Sources */ = {isa = PBXBuildFile; fileRef = 3767BD9E1BB70BFD007B0F18 /* SDSUITests.swift */; };
/* End PBXBuildFile section */

/* Begin PBXContainerItemProxy section */
		3767BD901BB70BFD007B0F18 /* PBXContainerItemProxy */ = {
			isa = PBXContainerItemProxy;
			containerPortal = 3767BD731BB70BFD007B0F18 /* Project object */;
			proxyType = 1;
			remoteGlobalIDString = 3767BD7A1BB70BFD007B0F18;
			remoteInfo = SDS;
		};
		3767BD9B1BB70BFD007B0F18 /* PBXContainerItemProxy */ = {
			isa = PBXContainerItemProxy;
			containerPortal = 3767BD731BB70BFD007B0F18 /* Project object */;
			proxyType = 1;
			remoteGlobalIDString = 3767BD7A1BB70BFD007B0F18;
			remoteInfo = SDS;
		};
/* End PBXContainerItemProxy section */

/* Begin PBXFileReference section */
		3767BD7B1BB70BFD007B0F18 /* SDS.app */ = {isa = PBXFileReference; explicitFileType = wrapper.application; includeInIndex = 0; path = SDS.app; sourceTree = BUILT_PRODUCTS_DIR; };
		3767BD7E1BB70BFD007B0F18 /* AppDelegate.swift */ = {isa = PBXFileReference; lastKnownFileType = sourcecode.swift; path = AppDelegate.swift; sourceTree = "<group>"; };
		3767BD801BB70BFD007B0F18 /* ViewController.swift */ = {isa = PBXFileReference; lastKnownFileType = sourcecode.swift; path = ViewController.swift; sourceTree = "<group>"; };
		3767BD831BB70BFD007B0F18 /* Base */ = {isa = PBXFileReference; lastKnownFileType = file.storyboard; name = Base; path = Base.lproj/Main.storyboard; sourceTree = "<group>"; };
		3767BD851BB70BFD007B0F18 /* Assets.xcassets */ = {isa = PBXFileReference; lastKnownFileType = folder.assetcatalog; path = Assets.xcassets; sourceTree = "<group>"; };
		3767BD881BB70BFD007B0F18 /* Base */ = {isa = PBXFileReference; lastKnownFileType = file.storyboard; name = Base; path = Base.lproj/LaunchScreen.storyboard; sourceTree = "<group>"; };
		3767BD8A1BB70BFD007B0F18 /* Info.plist */ = {isa = PBXFileReference; lastKnownFileType = text.plist.xml; path = Info.plist; sourceTree = "<group>"; };
		3767BD8F1BB70BFD007B0F18 /* SDSTests.xctest */ = {isa = PBXFileReference; explicitFileType = wrapper.cfbundle; includeInIndex = 0; path = SDSTests.xctest; sourceTree = BUILT_PRODUCTS_DIR; };
		3767BD931BB70BFD007B0F18 /* SDSTests.swift */ = {isa = PBXFileReference; lastKnownFileType = sourcecode.swift; path = SDSTests.swift; sourceTree = "<group>"; };
		3767BD951BB70BFD007B0F18 /* Info.plist */ = {isa = PBXFileReference; lastKnownFileType = text.plist.xml; path = Info.plist; sourceTree = "<group>"; };
		3767BD9A1BB70BFD007B0F18 /* SDSUITests.xctest */ = {isa = PBXFileReference; explicitFileType = wrapper.cfbundle; includeInIndex = 0; path = SDSUITests.xctest; sourceTree = BUILT_PRODUCTS_DIR; };
		3767BD9E1BB70BFD007B0F18 /* SDSUITests.swift */ = {isa = PBXFileReference; lastKnownFileType = sourcecode.swift; path = SDSUITests.swift; sourceTree = "<group>"; };
		3767BDA01BB70BFD007B0F18 /* Info.plist */ = {isa = PBXFileReference; lastKnownFileType = text.plist.xml; path = Info.plist; sourceTree = "<group>"; };
/* End PBXFileReference section */

/* Begin PBXFrameworksBuildPhase section */
		3767BD781BB70BFD007B0F18 /* Frameworks */ = {
			isa = PBXFrameworksBuildPhase;
			buildActionMask = 2147483647;
			files = (
			);
			runOnlyForDeploymentPostprocessing = 0;
		};
		3767BD8C1BB70BFD007B0F18 /* Frameworks */ = {
			isa = PBXFrameworksBuildPhase;
			buildActionMask = 2147483647;
			files = (
			);
			runOnlyForDeploymentPostprocessing = 0;
		};
		3767BD971BB70BFD007B0F18 /* Frameworks */ = {
			isa = PBXFrameworksBuildPhase;
			buildActionMask = 2147483647;
			files = (
			);
			runOnlyForDeploymentPostprocessing = 0;
		};
/* End PBXFrameworksBuildPhase section */

/* Begin PBXGroup section */
		3767BD721BB70BFD007B0F18 = {
			isa = PBXGroup;
			children = (
				3767BD7D1BB70BFD007B0F18 /* SDS */,
				3767BD921BB70BFD007B0F18 /* SDSTests */,
				3767BD9D1BB70BFD007B0F18 /* SDSUITests */,
				3767BD7C1BB70BFD007B0F18 /* Products */,
			);
			sourceTree = "<group>";
		};
		3767BD7C1BB70BFD007B0F18 /* Products */ = {
			isa = PBXGroup;
			children = (
				3767BD7B1BB70BFD007B0F18 /* SDS.app */,
				3767BD8F1BB70BFD007B0F18 /* SDSTests.xctest */,
				3767BD9A1BB70BFD007B0F18 /* SDSUITests.xctest */,
			);
			name = Products;
			sourceTree = "<group>";
		};
		3767BD7D1BB70BFD007B0F18 /* SDS */ = {
			isa = PBXGroup;
			children = (
				3767BD7E1BB70BFD007B0F18 /* AppDelegate.swift */,
				3767BD801BB70BFD007B0F18 /* ViewController.swift */,
				3767BD821BB70BFD007B0F18 /* Main.storyboard */,
				3767BD851BB70BFD007B0F18 /* Assets.xcassets */,
				3767BD871BB70BFD007B0F18 /* LaunchScreen.storyboard */,
				3767BD8A1BB70BFD007B0F18 /* Info.plist */,
			);
			path = SDS;
			sourceTree = "<group>";
		};
		3767BD921BB70BFD007B0F18 /* SDSTests */ = {
			isa = PBXGroup;
			children = (
				3767BD931BB70BFD007B0F18 /* SDSTests.swift */,
				3767BD951BB70BFD007B0F18 /* Info.plist */,
			);
			path = SDSTests;
			sourceTree = "<group>";
		};
		3767BD9D1BB70BFD007B0F18 /* SDSUITests */ = {
			isa = PBXGroup;
			children = (
				3767BD9E1BB70BFD007B0F18 /* SDSUITests.swift */,
				3767BDA01BB70BFD007B0F18 /* Info.plist */,
			);
			path = SDSUITests;
			sourceTree = "<group>";
		};
/* End PBXGroup section */

/* Begin PBXNativeTarget section */
		3767BD7A1BB70BFD007B0F18 /* SDS */ = {
			isa = PBXNativeTarget;
			buildConfigurationList = 3767BDA31BB70BFD007B0F18 /* Build configuration list for PBXNativeTarget "SDS" */;
			buildPhases = (
				3767BD771BB70BFD007B0F18 /* Sources */,
				3767BD781BB70BFD007B0F18 /* Frameworks */,
				3767BD791BB70BFD007B0F18 /* Resources */,
			);
			buildRules = (
			);
			dependencies = (
			);
			name = SDS;
			productName = SDS;
			productReference = 3767BD7B1BB70BFD007B0F18 /* SDS.app */;
			productType = "com.apple.product-type.application";
		};
		3767BD8E1BB70BFD007B0F18 /* SDSTests */ = {
			isa = PBXNativeTarget;
			buildConfigurationList = 3767BDA61BB70BFD007B0F18 /* Build configuration list for PBXNativeTarget "SDSTests" */;
			buildPhases = (
				3767BD8B1BB70BFD007B0F18 /* Sources */,
				3767BD8C1BB70BFD007B0F18 /* Frameworks */,
				3767BD8D1BB70BFD007B0F18 /* Resources */,
			);
			buildRules = (
			);
			dependencies = (
				3767BD911BB70BFD007B0F18 /* PBXTargetDependency */,
			);
			name = SDSTests;
			productName = SDSTests;
			productReference = 3767BD8F1BB70BFD007B0F18 /* SDSTests.xctest */;
			productType = "com.apple.product-type.bundle.unit-test";
		};
		3767BD991BB70BFD007B0F18 /* SDSUITests */ = {
			isa = PBXNativeTarget;
			buildConfigurationList = 3767BDA91BB70BFD007B0F18 /* Build configuration list for PBXNativeTarget "SDSUITests" */;
			buildPhases = (
				3767BD961BB70BFD007B0F18 /* Sources */,
				3767BD971BB70BFD007B0F18 /* Frameworks */,
				3767BD981BB70BFD007B0F18 /* Resources */,
			);
			buildRules = (
			);
			dependencies = (
				3767BD9C1BB70BFD007B0F18 /* PBXTargetDependency */,
			);
			name = SDSUITests;
			productName = SDSUITests;
			productReference = 3767BD9A1BB70BFD007B0F18 /* SDSUITests.xctest */;
			productType = "com.apple.product-type.bundle.ui-testing";
		};
/* End PBXNativeTarget section */

/* Begin PBXProject section */
		3767BD731BB70BFD007B0F18 /* Project object */ = {
			isa = PBXProject;
			attributes = {
				LastUpgradeCheck = 0700;
				ORGANIZATIONNAME = "Luis Felipe Salazar";
				TargetAttributes = {
					3767BD7A1BB70BFD007B0F18 = {
						CreatedOnToolsVersion = 7.0;
					};
					3767BD8E1BB70BFD007B0F18 = {
						CreatedOnToolsVersion = 7.0;
						TestTargetID = 3767BD7A1BB70BFD007B0F18;
					};
					3767BD991BB70BFD007B0F18 = {
						CreatedOnToolsVersion = 7.0;
						TestTargetID = 3767BD7A1BB70BFD007B0F18;
					};
				};
			};
			buildConfigurationList = 3767BD761BB70BFD007B0F18 /* Build configuration list for PBXProject "SDS" */;
			compatibilityVersion = "Xcode 3.2";
			developmentRegion = English;
			hasScannedForEncodings = 0;
			knownRegions = (
				en,
				Base,
			);
			mainGroup = 3767BD721BB70BFD007B0F18;
			productRefGroup = 3767BD7C1BB70BFD007B0F18 /* Products */;
			projectDirPath = "";
			projectRoot = "";
			targets = (
				3767BD7A1BB70BFD007B0F18 /* SDS */,
				3767BD8E1BB70BFD007B0F18 /* SDSTests */,
				3767BD991BB70BFD007B0F18 /* SDSUITests */,
			);
		};
/* End PBXProject section */

/* Begin PBXResourcesBuildPhase section */
		3767BD791BB70BFD007B0F18 /* Resources */ = {
			isa = PBXResourcesBuildPhase;
			buildActionMask = 2147483647;
			files = (
				3767BD891BB70BFD007B0F18 /* LaunchScreen.storyboard in Resources */,
				3767BD861BB70BFD007B0F18 /* Assets.xcassets in Resources */,
				3767BD841BB70BFD007B0F18 /* Main.storyboard in Resources */,
			);
			runOnlyForDeploymentPostprocessing = 0;
		};
		3767BD8D1BB70BFD007B0F18 /* Resources */ = {
			isa = PBXResourcesBuildPhase;
			buildActionMask = 2147483647;
			files = (
			);
			runOnlyForDeploymentPostprocessing = 0;
		};
		3767BD981BB70BFD007B0F18 /* Resources */ = {
			isa = PBXResourcesBuildPhase;
			buildActionMask = 2147483647;
			files = (
			);
			runOnlyForDeploymentPostprocessing = 0;
		};
/* End PBXResourcesBuildPhase section */

/* Begin PBXSourcesBuildPhase section */
		3767BD771BB70BFD007B0F18 /* Sources */ = {
			isa = PBXSourcesBuildPhase;
			buildActionMask = 2147483647;
			files = (
				3767BD811BB70BFD007B0F18 /* ViewController.swift in Sources */,
				3767BD7F1BB70BFD007B0F18 /* AppDelegate.swift in Sources */,
			);
			runOnlyForDeploymentPostprocessing = 0;
		};
		3767BD8B1BB70BFD007B0F18 /* Sources */ = {
			isa = PBXSourcesBuildPhase;
			buildActionMask = 2147483647;
			files = (
				3767BD941BB70BFD007B0F18 /* SDSTests.swift in Sources */,
			);
			runOnlyForDeploymentPostprocessing = 0;
		};
		3767BD961BB70BFD007B0F18 /* Sources */ = {
			isa = PBXSourcesBuildPhase;
			buildActionMask = 2147483647;
			files = (
				3767BD9F1BB70BFD007B0F18 /* SDSUITests.swift in Sources */,
			);
			runOnlyForDeploymentPostprocessing = 0;
		};
/* End PBXSourcesBuildPhase section */

/* Begin PBXTargetDependency section */
		3767BD911BB70BFD007B0F18 /* PBXTargetDependency */ = {
			isa = PBXTargetDependency;
			target = 3767BD7A1BB70BFD007B0F18 /* SDS */;
			targetProxy = 3767BD901BB70BFD007B0F18 /* PBXContainerItemProxy */;
		};
		3767BD9C1BB70BFD007B0F18 /* PBXTargetDependency */ = {
			isa = PBXTargetDependency;
			target = 3767BD7A1BB70BFD007B0F18 /* SDS */;
			targetProxy = 3767BD9B1BB70BFD007B0F18 /* PBXContainerItemProxy */;
		};
/* End PBXTargetDependency section */

/* Begin PBXVariantGroup section */
		3767BD821BB70BFD007B0F18 /* Main.storyboard */ = {
			isa = PBXVariantGroup;
			children = (
				3767BD831BB70BFD007B0F18 /* Base */,
			);
			name = Main.storyboard;
			sourceTree = "<group>";
		};
		3767BD871BB70BFD007B0F18 /* LaunchScreen.storyboard */ = {
			isa = PBXVariantGroup;
			children = (
				3767BD881BB70BFD007B0F18 /* Base */,
			);
			name = LaunchScreen.storyboard;
			sourceTree = "<group>";
		};
/* End PBXVariantGroup section */

/* Begin XCBuildConfiguration section */
		3767BDA11BB70BFD007B0F18 /* Debug */ = {
			isa = XCBuildConfiguration;
			buildSettings = {
				ALWAYS_SEARCH_USER_PATHS = NO;
				CLANG_CXX_LANGUAGE_STANDARD = "gnu++0x";
				CLANG_CXX_LIBRARY = "libc++";
				CLANG_ENABLE_MODULES = YES;
				CLANG_ENABLE_OBJC_ARC = YES;
				CLANG_WARN_BOOL_CONVERSION = YES;
				CLANG_WARN_CONSTANT_CONVERSION = YES;
				CLANG_WARN_DIRECT_OBJC_ISA_USAGE = YES_ERROR;
				CLANG_WARN_EMPTY_BODY = YES;
				CLANG_WARN_ENUM_CONVERSION = YES;
				CLANG_WARN_INT_CONVERSION = YES;
				CLANG_WARN_OBJC_ROOT_CLASS = YES_ERROR;
				CLANG_WARN_UNREACHABLE_CODE = YES;
				CLANG_WARN__DUPLICATE_METHOD_MATCH = YES;
				"CODE_SIGN_IDENTITY[sdk=iphoneos*]" = "iPhone Developer";
				COPY_PHASE_STRIP = NO;
				DEBUG_INFORMATION_FORMAT = dwarf;
				ENABLE_STRICT_OBJC_MSGSEND = YES;
				ENABLE_TESTABILITY = YES;
				GCC_C_LANGUAGE_STANDARD = gnu99;
				GCC_DYNAMIC_NO_PIC = NO;
				GCC_NO_COMMON_BLOCKS = YES;
				GCC_OPTIMIZATION_LEVEL = 0;
				GCC_PREPROCESSOR_DEFINITIONS = (
					"DEBUG=1",
					"$(inherited)",
				);
				GCC_WARN_64_TO_32_BIT_CONVERSION = YES;
				GCC_WARN_ABOUT_RETURN_TYPE = YES_ERROR;
				GCC_WARN_UNDECLARED_SELECTOR = YES;
				GCC_WARN_UNINITIALIZED_AUTOS = YES_AGGRESSIVE;
				GCC_WARN_UNUSED_FUNCTION = YES;
				GCC_WARN_UNUSED_VARIABLE = YES;
				IPHONEOS_DEPLOYMENT_TARGET = 9.0;
				MTL_ENABLE_DEBUG_INFO = YES;
				ONLY_ACTIVE_ARCH = YES;
				SDKROOT = iphoneos;
				SWIFT_OPTIMIZATION_LEVEL = "-Onone";
			};
			name = Debug;
		};
		3767BDA21BB70BFD007B0F18 /* Release */ = {
			isa = XCBuildConfiguration;
			buildSettings = {
				ALWAYS_SEARCH_USER_PATHS = NO;
				CLANG_CXX_LANGUAGE_STANDARD = "gnu++0x";
				CLANG_CXX_LIBRARY = "libc++";
				CLANG_ENABLE_MODULES = YES;
				CLANG_ENABLE_OBJC_ARC = YES;
				CLANG_WARN_BOOL_CONVERSION = YES;
				CLANG_WARN_CONSTANT_CONVERSION = YES;
				CLANG_WARN_DIRECT_OBJC_ISA_USAGE = YES_ERROR;
				CLANG_WARN_EMPTY_BODY = YES;
				CLANG_WARN_ENUM_CONVERSION = YES;
				CLANG_WARN_INT_CONVERSION = YES;
				CLANG_WARN_OBJC_ROOT_CLASS = YES_ERROR;
				CLANG_WARN_UNREACHABLE_CODE = YES;
				CLANG_WARN__DUPLICATE_METHOD_MATCH = YES;
				"CODE_SIGN_IDENTITY[sdk=iphoneos*]" = "iPhone Developer";
				COPY_PHASE_STRIP = NO;
				DEBUG_INFORMATION_FORMAT = "dwarf-with-dsym";
				ENABLE_NS_ASSERTIONS = NO;
				ENABLE_STRICT_OBJC_MSGSEND = YES;
				GCC_C_LANGUAGE_STANDARD = gnu99;
				GCC_NO_COMMON_BLOCKS = YES;
				GCC_WARN_64_TO_32_BIT_CONVERSION = YES;
				GCC_WARN_ABOUT_RETURN_TYPE = YES_ERROR;
				GCC_WARN_UNDECLARED_SELECTOR = YES;
				GCC_WARN_UNINITIALIZED_AUTOS = YES_AGGRESSIVE;
				GCC_WARN_UNUSED_FUNCTION = YES;
				GCC_WARN_UNUSED_VARIABLE = YES;
				IPHONEOS_DEPLOYMENT_TARGET = 9.0;
				MTL_ENABLE_DEBUG_INFO = NO;
				SDKROOT = iphoneos;
				VALIDATE_PRODUCT = YES;
			};
			name = Release;
		};
		3767BDA41BB70BFD007B0F18 /* Debug */ = {
			isa = XCBuildConfiguration;
			buildSettings = {
				ASSETCATALOG_COMPILER_APPICON_NAME = AppIcon;
				INFOPLIST_FILE = SDS/Info.plist;
				LD_RUNPATH_SEARCH_PATHS = "$(inherited) @executable_path/Frameworks";
				PRODUCT_BUNDLE_IDENTIFIER = lfsv.SDS;
				PRODUCT_NAME = "$(TARGET_NAME)";
			};
			name = Debug;
		};
		3767BDA51BB70BFD007B0F18 /* Release */ = {
			isa = XCBuildConfiguration;
			buildSettings = {
				ASSETCATALOG_COMPILER_APPICON_NAME = AppIcon;
				INFOPLIST_FILE = SDS/Info.plist;
				LD_RUNPATH_SEARCH_PATHS = "$(inherited) @executable_path/Frameworks";
				PRODUCT_BUNDLE_IDENTIFIER = lfsv.SDS;
				PRODUCT_NAME = "$(TARGET_NAME)";
			};
			name = Release;
		};
		3767BDA71BB70BFD007B0F18 /* Debug */ = {
			isa = XCBuildConfiguration;
			buildSettings = {
				BUNDLE_LOADER = "$(TEST_HOST)";
				INFOPLIST_FILE = SDSTests/Info.plist;
				LD_RUNPATH_SEARCH_PATHS = "$(inherited) @executable_path/Frameworks @loader_path/Frameworks";
				PRODUCT_BUNDLE_IDENTIFIER = lfsv.SDSTests;
				PRODUCT_NAME = "$(TARGET_NAME)";
				TEST_HOST = "$(BUILT_PRODUCTS_DIR)/SDS.app/SDS";
			};
			name = Debug;
		};
		3767BDA81BB70BFD007B0F18 /* Release */ = {
			isa = XCBuildConfiguration;
			buildSettings = {
				BUNDLE_LOADER = "$(TEST_HOST)";
				INFOPLIST_FILE = SDSTests/Info.plist;
				LD_RUNPATH_SEARCH_PATHS = "$(inherited) @executable_path/Frameworks @loader_path/Frameworks";
				PRODUCT_BUNDLE_IDENTIFIER = lfsv.SDSTests;
				PRODUCT_NAME = "$(TARGET_NAME)";
				TEST_HOST = "$(BUILT_PRODUCTS_DIR)/SDS.app/SDS";
			};
			name = Release;
		};
		3767BDAA1BB70BFD007B0F18 /* Debug */ = {
			isa = XCBuildConfiguration;
			buildSettings = {
				INFOPLIST_FILE = SDSUITests/Info.plist;
				LD_RUNPATH_SEARCH_PATHS = "$(inherited) @executable_path/Frameworks @loader_path/Frameworks";
				PRODUCT_BUNDLE_IDENTIFIER = lfsv.SDSUITests;
				PRODUCT_NAME = "$(TARGET_NAME)";
				TEST_TARGET_NAME = SDS;
				USES_XCTRUNNER = YES;
			};
			name = Debug;
		};
		3767BDAB1BB70BFD007B0F18 /* Release */ = {
			isa = XCBuildConfiguration;
			buildSettings = {
				INFOPLIST_FILE = SDSUITests/Info.plist;
				LD_RUNPATH_SEARCH_PATHS = "$(inherited) @executable_path/Frameworks @loader_path/Frameworks";
				PRODUCT_BUNDLE_IDENTIFIER = lfsv.SDSUITests;
				PRODUCT_NAME = "$(TARGET_NAME)";
				TEST_TARGET_NAME = SDS;
				USES_XCTRUNNER = YES;
			};
			name = Release;
		};
/* End XCBuildConfiguration section */

/* Begin XCConfigurationList section */
		3767BD761BB70BFD007B0F18 /* Build configuration list for PBXProject "SDS" */ = {
			isa = XCConfigurationList;
			buildConfigurations = (
				3767BDA11BB70BFD007B0F18 /* Debug */,
				3767BDA21BB70BFD007B0F18 /* Release */,
			);
			defaultConfigurationIsVisible = 0;
			defaultConfigurationName = Release;
		};
		3767BDA31BB70BFD007B0F18 /* Build configuration list for PBXNativeTarget "SDS" */ = {
			isa = XCConfigurationList;
			buildConfigurations = (
				3767BDA41BB70BFD007B0F18 /* Debug */,
				3767BDA51BB70BFD007B0F18 /* Release */,
			);
			defaultConfigurationIsVisible = 0;
		};
		3767BDA61BB70BFD007B0F18 /* Build configuration list for PBXNativeTarget "SDSTests" */ = {
			isa = XCConfigurationList;
			buildConfigurations = (
				3767BDA71BB70BFD007B0F18 /* Debug */,
				3767BDA81BB70BFD007B0F18 /* Release */,
			);
			defaultConfigurationIsVisible = 0;
		};
		3767BDA91BB70BFD007B0F18 /* Build configuration list for PBXNativeTarget "SDSUITests" */ = {
			isa = XCConfigurationList;
			buildConfigurations = (
				3767BDAA1BB70BFD007B0F18 /* Debug */,
				3767BDAB1BB70BFD007B0F18 /* Release */,
			);
			defaultConfigurationIsVisible = 0;
		};
/* End XCConfigurationList section */
	};
	rootObject = 3767BD731BB70BFD007B0F18 /* Project object */;
}
